// !$*UTF8*$!
{
	archiveVersion = 1;
	classes = {
	};
	objectVersion = 56;
	objects = {

/* Begin PBXBuildFile section */
		7B2C9E882B51C14A005D9560 /* VideoTable+CoreDataClass.swift in Sources */ = {isa = PBXBuildFile; fileRef = 7B2C9E862B51C14A005D9560 /* VideoTable+CoreDataClass.swift */; };
		7B2C9E892B51C14A005D9560 /* VideoTable+CoreDataProperties.swift in Sources */ = {isa = PBXBuildFile; fileRef = 7B2C9E872B51C14A005D9560 /* VideoTable+CoreDataProperties.swift */; };
		7B2C9E8D2B520A45005D9560 /* PlayerView.swift in Sources */ = {isa = PBXBuildFile; fileRef = 7B2C9E8C2B520A45005D9560 /* PlayerView.swift */; };
		7BD2D3D42B567B1F00686A61 /* HomeView.swift in Sources */ = {isa = PBXBuildFile; fileRef = 7BD2D3D32B567B1F00686A61 /* HomeView.swift */; };
		7BD2D3D82B567FA500686A61 /* AppDelegate.swift in Sources */ = {isa = PBXBuildFile; fileRef = 7BD2D3D72B567FA500686A61 /* AppDelegate.swift */; };
		7BE080572B4FF8D1006CCB99 /* VideoRecordViewController.swift in Sources */ = {isa = PBXBuildFile; fileRef = 7BE080562B4FF8D1006CCB99 /* VideoRecordViewController.swift */; };
		7BE080592B4FF9ED006CCB99 /* FaceNode.swift in Sources */ = {isa = PBXBuildFile; fileRef = 7BE080582B4FF9ED006CCB99 /* FaceNode.swift */; };
		7BE0805B2B4FFC51006CCB99 /* RecordView.swift in Sources */ = {isa = PBXBuildFile; fileRef = 7BE0805A2B4FFC51006CCB99 /* RecordView.swift */; };
		7BE0805D2B501671006CCB99 /* Services.swift in Sources */ = {isa = PBXBuildFile; fileRef = 7BE0805C2B501671006CCB99 /* Services.swift */; };
		7BF27BA52B4D75F600B96307 /* FaceVideoAppApp.swift in Sources */ = {isa = PBXBuildFile; fileRef = 7BF27BA42B4D75F600B96307 /* FaceVideoAppApp.swift */; };
		7BF27BA92B4D75FB00B96307 /* Assets.xcassets in Resources */ = {isa = PBXBuildFile; fileRef = 7BF27BA82B4D75FB00B96307 /* Assets.xcassets */; };
		7BF27BAC2B4D75FB00B96307 /* Preview Assets.xcassets in Resources */ = {isa = PBXBuildFile; fileRef = 7BF27BAB2B4D75FB00B96307 /* Preview Assets.xcassets */; };
		7BF27BB12B4D75FB00B96307 /* FaceVideoApp.xcdatamodeld in Sources */ = {isa = PBXBuildFile; fileRef = 7BF27BAF2B4D75FB00B96307 /* FaceVideoApp.xcdatamodeld */; };
		7BF27BB92B4D791300B96307 /* PersistentStorage.swift in Sources */ = {isa = PBXBuildFile; fileRef = 7BF27BB82B4D791300B96307 /* PersistentStorage.swift */; };
		7BF27BC22B4DE1F100B96307 /* VideoRepository.swift in Sources */ = {isa = PBXBuildFile; fileRef = 7BF27BC12B4DE1F100B96307 /* VideoRepository.swift */; };
		7BF27BC92B4DE35600B96307 /* Video.swift in Sources */ = {isa = PBXBuildFile; fileRef = 7BF27BC82B4DE35600B96307 /* Video.swift */; };
		7BF27BCC2B4DEC1C00B96307 /* VideoViewModel.swift in Sources */ = {isa = PBXBuildFile; fileRef = 7BF27BCB2B4DEC1C00B96307 /* VideoViewModel.swift */; };
/* End PBXBuildFile section */

/* Begin PBXFileReference section */
		7B2C9E862B51C14A005D9560 /* VideoTable+CoreDataClass.swift */ = {isa = PBXFileReference; lastKnownFileType = sourcecode.swift; path = "VideoTable+CoreDataClass.swift"; sourceTree = SOURCE_ROOT; };
		7B2C9E872B51C14A005D9560 /* VideoTable+CoreDataProperties.swift */ = {isa = PBXFileReference; lastKnownFileType = sourcecode.swift; path = "VideoTable+CoreDataProperties.swift"; sourceTree = SOURCE_ROOT; };
		7B2C9E8C2B520A45005D9560 /* PlayerView.swift */ = {isa = PBXFileReference; lastKnownFileType = sourcecode.swift; path = PlayerView.swift; sourceTree = "<group>"; };
		7BD2D3D32B567B1F00686A61 /* HomeView.swift */ = {isa = PBXFileReference; lastKnownFileType = sourcecode.swift; path = HomeView.swift; sourceTree = "<group>"; };
		7BD2D3D72B567FA500686A61 /* AppDelegate.swift */ = {isa = PBXFileReference; lastKnownFileType = sourcecode.swift; path = AppDelegate.swift; sourceTree = "<group>"; };
		7BD2D3D92B56853700686A61 /* Info.plist */ = {isa = PBXFileReference; lastKnownFileType = text.plist; path = Info.plist; sourceTree = "<group>"; };
		7BE080562B4FF8D1006CCB99 /* VideoRecordViewController.swift */ = {isa = PBXFileReference; lastKnownFileType = sourcecode.swift; path = VideoRecordViewController.swift; sourceTree = "<group>"; };
		7BE080582B4FF9ED006CCB99 /* FaceNode.swift */ = {isa = PBXFileReference; lastKnownFileType = sourcecode.swift; path = FaceNode.swift; sourceTree = "<group>"; };
		7BE0805A2B4FFC51006CCB99 /* RecordView.swift */ = {isa = PBXFileReference; lastKnownFileType = sourcecode.swift; path = RecordView.swift; sourceTree = "<group>"; };
		7BE0805C2B501671006CCB99 /* Services.swift */ = {isa = PBXFileReference; lastKnownFileType = sourcecode.swift; path = Services.swift; sourceTree = "<group>"; };
		7BF27BA12B4D75F600B96307 /* FaceVideoApp.app */ = {isa = PBXFileReference; explicitFileType = wrapper.application; includeInIndex = 0; path = FaceVideoApp.app; sourceTree = BUILT_PRODUCTS_DIR; };
		7BF27BA42B4D75F600B96307 /* FaceVideoAppApp.swift */ = {isa = PBXFileReference; lastKnownFileType = sourcecode.swift; path = FaceVideoAppApp.swift; sourceTree = "<group>"; };
		7BF27BA82B4D75FB00B96307 /* Assets.xcassets */ = {isa = PBXFileReference; lastKnownFileType = folder.assetcatalog; path = Assets.xcassets; sourceTree = "<group>"; };
		7BF27BAB2B4D75FB00B96307 /* Preview Assets.xcassets */ = {isa = PBXFileReference; lastKnownFileType = folder.assetcatalog; path = "Preview Assets.xcassets"; sourceTree = "<group>"; };
		7BF27BB02B4D75FB00B96307 /* FaceVideoApp.xcdatamodel */ = {isa = PBXFileReference; lastKnownFileType = wrapper.xcdatamodel; path = FaceVideoApp.xcdatamodel; sourceTree = "<group>"; };
		7BF27BB82B4D791300B96307 /* PersistentStorage.swift */ = {isa = PBXFileReference; lastKnownFileType = sourcecode.swift; path = PersistentStorage.swift; sourceTree = "<group>"; };
		7BF27BC12B4DE1F100B96307 /* VideoRepository.swift */ = {isa = PBXFileReference; lastKnownFileType = sourcecode.swift; path = VideoRepository.swift; sourceTree = "<group>"; };
		7BF27BC82B4DE35600B96307 /* Video.swift */ = {isa = PBXFileReference; lastKnownFileType = sourcecode.swift; path = Video.swift; sourceTree = "<group>"; };
		7BF27BCB2B4DEC1C00B96307 /* VideoViewModel.swift */ = {isa = PBXFileReference; lastKnownFileType = sourcecode.swift; path = VideoViewModel.swift; sourceTree = "<group>"; };
/* End PBXFileReference section */

/* Begin PBXFrameworksBuildPhase section */
		7BF27B9E2B4D75F600B96307 /* Frameworks */ = {
			isa = PBXFrameworksBuildPhase;
			buildActionMask = 2147483647;
			files = (
			);
			runOnlyForDeploymentPostprocessing = 0;
		};
/* End PBXFrameworksBuildPhase section */

/* Begin PBXGroup section */
		7BE080552B4FD7EA006CCB99 /* Views */ = {
			isa = PBXGroup;
			children = (
				7BE080562B4FF8D1006CCB99 /* VideoRecordViewController.swift */,
				7BE0805A2B4FFC51006CCB99 /* RecordView.swift */,
				7BD2D3D32B567B1F00686A61 /* HomeView.swift */,
				7B2C9E8C2B520A45005D9560 /* PlayerView.swift */,
			);
			path = Views;
			sourceTree = "<group>";
		};
		7BF27B982B4D75F600B96307 = {
			isa = PBXGroup;
			children = (
				7BF27BA32B4D75F600B96307 /* FaceVideoApp */,
				7BF27BA22B4D75F600B96307 /* Products */,
			);
			sourceTree = "<group>";
		};
		7BF27BA22B4D75F600B96307 /* Products */ = {
			isa = PBXGroup;
			children = (
				7BF27BA12B4D75F600B96307 /* FaceVideoApp.app */,
			);
			name = Products;
			sourceTree = "<group>";
		};
		7BF27BA32B4D75F600B96307 /* FaceVideoApp */ = {
			isa = PBXGroup;
			children = (
				7BD2D3D92B56853700686A61 /* Info.plist */,
				7BE080552B4FD7EA006CCB99 /* Views */,
				7BF27BCA2B4DEBE700B96307 /* ViewModels */,
				7BF27BC72B4DE33F00B96307 /* Models */,
				7BF27BC02B4DE19100B96307 /* Repositories */,
				7BF27BBF2B4D7A7100B96307 /* CoredataSubClasses */,
				7BF27BB72B4D78DC00B96307 /* PersistentStorage */,
				7BF27BA42B4D75F600B96307 /* FaceVideoAppApp.swift */,
				7BD2D3D72B567FA500686A61 /* AppDelegate.swift */,
				7BF27BA82B4D75FB00B96307 /* Assets.xcassets */,
				7BF27BAF2B4D75FB00B96307 /* FaceVideoApp.xcdatamodeld */,
				7BF27BAA2B4D75FB00B96307 /* Preview Content */,
			);
			path = FaceVideoApp;
			sourceTree = "<group>";
		};
		7BF27BAA2B4D75FB00B96307 /* Preview Content */ = {
			isa = PBXGroup;
			children = (
				7BF27BAB2B4D75FB00B96307 /* Preview Assets.xcassets */,
			);
			path = "Preview Content";
			sourceTree = "<group>";
		};
		7BF27BB72B4D78DC00B96307 /* PersistentStorage */ = {
			isa = PBXGroup;
			children = (
				7BF27BB82B4D791300B96307 /* PersistentStorage.swift */,
			);
			path = PersistentStorage;
			sourceTree = "<group>";
		};
		7BF27BBF2B4D7A7100B96307 /* CoredataSubClasses */ = {
			isa = PBXGroup;
			children = (
				7B2C9E862B51C14A005D9560 /* VideoTable+CoreDataClass.swift */,
				7B2C9E872B51C14A005D9560 /* VideoTable+CoreDataProperties.swift */,
			);
			path = CoredataSubClasses;
			sourceTree = "<group>";
		};
		7BF27BC02B4DE19100B96307 /* Repositories */ = {
			isa = PBXGroup;
			children = (
				7BF27BC12B4DE1F100B96307 /* VideoRepository.swift */,
			);
			path = Repositories;
			sourceTree = "<group>";
		};
		7BF27BC72B4DE33F00B96307 /* Models */ = {
			isa = PBXGroup;
			children = (
				7BF27BC82B4DE35600B96307 /* Video.swift */,
				7BE080582B4FF9ED006CCB99 /* FaceNode.swift */,
			);
			path = Models;
			sourceTree = "<group>";
		};
		7BF27BCA2B4DEBE700B96307 /* ViewModels */ = {
			isa = PBXGroup;
			children = (
				7BF27BCB2B4DEC1C00B96307 /* VideoViewModel.swift */,
				7BE0805C2B501671006CCB99 /* Services.swift */,
			);
			path = ViewModels;
			sourceTree = "<group>";
		};
/* End PBXGroup section */

/* Begin PBXNativeTarget section */
		7BF27BA02B4D75F600B96307 /* FaceVideoApp */ = {
			isa = PBXNativeTarget;
			buildConfigurationList = 7BF27BB42B4D75FB00B96307 /* Build configuration list for PBXNativeTarget "FaceVideoApp" */;
			buildPhases = (
				7BF27B9D2B4D75F600B96307 /* Sources */,
				7BF27B9E2B4D75F600B96307 /* Frameworks */,
				7BF27B9F2B4D75F600B96307 /* Resources */,
			);
			buildRules = (
			);
			dependencies = (
			);
			name = FaceVideoApp;
			productName = FaceVideoApp;
			productReference = 7BF27BA12B4D75F600B96307 /* FaceVideoApp.app */;
			productType = "com.apple.product-type.application";
		};
/* End PBXNativeTarget section */

/* Begin PBXProject section */
		7BF27B992B4D75F600B96307 /* Project object */ = {
			isa = PBXProject;
			attributes = {
				BuildIndependentTargetsInParallel = 1;
				LastSwiftUpdateCheck = 1510;
				LastUpgradeCheck = 1510;
				TargetAttributes = {
					7BF27BA02B4D75F600B96307 = {
						CreatedOnToolsVersion = 15.1;
					};
				};
			};
			buildConfigurationList = 7BF27B9C2B4D75F600B96307 /* Build configuration list for PBXProject "FaceVideoApp" */;
			compatibilityVersion = "Xcode 14.0";
			developmentRegion = en;
			hasScannedForEncodings = 0;
			knownRegions = (
				en,
				Base,
			);
			mainGroup = 7BF27B982B4D75F600B96307;
			productRefGroup = 7BF27BA22B4D75F600B96307 /* Products */;
			projectDirPath = "";
			projectRoot = "";
			targets = (
				7BF27BA02B4D75F600B96307 /* FaceVideoApp */,
			);
		};
/* End PBXProject section */

/* Begin PBXResourcesBuildPhase section */
		7BF27B9F2B4D75F600B96307 /* Resources */ = {
			isa = PBXResourcesBuildPhase;
			buildActionMask = 2147483647;
			files = (
				7BF27BAC2B4D75FB00B96307 /* Preview Assets.xcassets in Resources */,
				7BF27BA92B4D75FB00B96307 /* Assets.xcassets in Resources */,
			);
			runOnlyForDeploymentPostprocessing = 0;
		};
/* End PBXResourcesBuildPhase section */

/* Begin PBXSourcesBuildPhase section */
		7BF27B9D2B4D75F600B96307 /* Sources */ = {
			isa = PBXSourcesBuildPhase;
			buildActionMask = 2147483647;
			files = (
				7BE0805D2B501671006CCB99 /* Services.swift in Sources */,
				7BE080592B4FF9ED006CCB99 /* FaceNode.swift in Sources */,
				7BE0805B2B4FFC51006CCB99 /* RecordView.swift in Sources */,
				7BD2D3D82B567FA500686A61 /* AppDelegate.swift in Sources */,
				7BD2D3D42B567B1F00686A61 /* HomeView.swift in Sources */,
				7BF27BCC2B4DEC1C00B96307 /* VideoViewModel.swift in Sources */,
				7B2C9E882B51C14A005D9560 /* VideoTable+CoreDataClass.swift in Sources */,
				7BF27BB12B4D75FB00B96307 /* FaceVideoApp.xcdatamodeld in Sources */,
				7B2C9E892B51C14A005D9560 /* VideoTable+CoreDataProperties.swift in Sources */,
				7BF27BB92B4D791300B96307 /* PersistentStorage.swift in Sources */,
				7B2C9E8D2B520A45005D9560 /* PlayerView.swift in Sources */,
				7BE080572B4FF8D1006CCB99 /* VideoRecordViewController.swift in Sources */,
				7BF27BC22B4DE1F100B96307 /* VideoRepository.swift in Sources */,
				7BF27BC92B4DE35600B96307 /* Video.swift in Sources */,
				7BF27BA52B4D75F600B96307 /* FaceVideoAppApp.swift in Sources */,
			);
			runOnlyForDeploymentPostprocessing = 0;
		};
/* End PBXSourcesBuildPhase section */

/* Begin XCBuildConfiguration section */
		7BF27BB22B4D75FB00B96307 /* Debug */ = {
			isa = XCBuildConfiguration;
			buildSettings = {
				ALWAYS_SEARCH_USER_PATHS = NO;
				ASSETCATALOG_COMPILER_GENERATE_SWIFT_ASSET_SYMBOL_EXTENSIONS = YES;
				CLANG_ANALYZER_NONNULL = YES;
				CLANG_ANALYZER_NUMBER_OBJECT_CONVERSION = YES_AGGRESSIVE;
				CLANG_CXX_LANGUAGE_STANDARD = "gnu++20";
				CLANG_ENABLE_MODULES = YES;
				CLANG_ENABLE_OBJC_ARC = YES;
				CLANG_ENABLE_OBJC_WEAK = YES;
				CLANG_WARN_BLOCK_CAPTURE_AUTORELEASING = YES;
				CLANG_WARN_BOOL_CONVERSION = YES;
				CLANG_WARN_COMMA = YES;
				CLANG_WARN_CONSTANT_CONVERSION = YES;
				CLANG_WARN_DEPRECATED_OBJC_IMPLEMENTATIONS = YES;
				CLANG_WARN_DIRECT_OBJC_ISA_USAGE = YES_ERROR;
				CLANG_WARN_DOCUMENTATION_COMMENTS = YES;
				CLANG_WARN_EMPTY_BODY = YES;
				CLANG_WARN_ENUM_CONVERSION = YES;
				CLANG_WARN_INFINITE_RECURSION = YES;
				CLANG_WARN_INT_CONVERSION = YES;
				CLANG_WARN_NON_LITERAL_NULL_CONVERSION = YES;
				CLANG_WARN_OBJC_IMPLICIT_RETAIN_SELF = YES;
				CLANG_WARN_OBJC_LITERAL_CONVERSION = YES;
				CLANG_WARN_OBJC_ROOT_CLASS = YES_ERROR;
				CLANG_WARN_QUOTED_INCLUDE_IN_FRAMEWORK_HEADER = YES;
				CLANG_WARN_RANGE_LOOP_ANALYSIS = YES;
				CLANG_WARN_STRICT_PROTOTYPES = YES;
				CLANG_WARN_SUSPICIOUS_MOVE = YES;
				CLANG_WARN_UNGUARDED_AVAILABILITY = YES_AGGRESSIVE;
				CLANG_WARN_UNREACHABLE_CODE = YES;
				CLANG_WARN__DUPLICATE_METHOD_MATCH = YES;
				COPY_PHASE_STRIP = NO;
				DEBUG_INFORMATION_FORMAT = dwarf;
				ENABLE_STRICT_OBJC_MSGSEND = YES;
				ENABLE_TESTABILITY = YES;
				ENABLE_USER_SCRIPT_SANDBOXING = YES;
				GCC_C_LANGUAGE_STANDARD = gnu17;
				GCC_DYNAMIC_NO_PIC = NO;
				GCC_NO_COMMON_BLOCKS = YES;
				GCC_OPTIMIZATION_LEVEL = 0;
				GCC_PREPROCESSOR_DEFINITIONS = (
					"DEBUG=1",
					"$(inherited)",
				);
				GCC_WARN_64_TO_32_BIT_CONVERSION = YES;
				GCC_WARN_ABOUT_RETURN_TYPE = YES_ERROR;
				GCC_WARN_UNDECLARED_SELECTOR = YES;
				GCC_WARN_UNINITIALIZED_AUTOS = YES_AGGRESSIVE;
				GCC_WARN_UNUSED_FUNCTION = YES;
				GCC_WARN_UNUSED_VARIABLE = YES;
				IPHONEOS_DEPLOYMENT_TARGET = 17.2;
				LOCALIZATION_PREFERS_STRING_CATALOGS = YES;
				MTL_ENABLE_DEBUG_INFO = INCLUDE_SOURCE;
				MTL_FAST_MATH = YES;
				ONLY_ACTIVE_ARCH = YES;
				SDKROOT = iphoneos;
				SWIFT_ACTIVE_COMPILATION_CONDITIONS = "DEBUG $(inherited)";
				SWIFT_OPTIMIZATION_LEVEL = "-Onone";
			};
			name = Debug;
		};
		7BF27BB32B4D75FB00B96307 /* Release */ = {
			isa = XCBuildConfiguration;
			buildSettings = {
				ALWAYS_SEARCH_USER_PATHS = NO;
				ASSETCATALOG_COMPILER_GENERATE_SWIFT_ASSET_SYMBOL_EXTENSIONS = YES;
				CLANG_ANALYZER_NONNULL = YES;
				CLANG_ANALYZER_NUMBER_OBJECT_CONVERSION = YES_AGGRESSIVE;
				CLANG_CXX_LANGUAGE_STANDARD = "gnu++20";
				CLANG_ENABLE_MODULES = YES;
				CLANG_ENABLE_OBJC_ARC = YES;
				CLANG_ENABLE_OBJC_WEAK = YES;
				CLANG_WARN_BLOCK_CAPTURE_AUTORELEASING = YES;
				CLANG_WARN_BOOL_CONVERSION = YES;
				CLANG_WARN_COMMA = YES;
				CLANG_WARN_CONSTANT_CONVERSION = YES;
				CLANG_WARN_DEPRECATED_OBJC_IMPLEMENTATIONS = YES;
				CLANG_WARN_DIRECT_OBJC_ISA_USAGE = YES_ERROR;
				CLANG_WARN_DOCUMENTATION_COMMENTS = YES;
				CLANG_WARN_EMPTY_BODY = YES;
				CLANG_WARN_ENUM_CONVERSION = YES;
				CLANG_WARN_INFINITE_RECURSION = YES;
				CLANG_WARN_INT_CONVERSION = YES;
				CLANG_WARN_NON_LITERAL_NULL_CONVERSION = YES;
				CLANG_WARN_OBJC_IMPLICIT_RETAIN_SELF = YES;
				CLANG_WARN_OBJC_LITERAL_CONVERSION = YES;
				CLANG_WARN_OBJC_ROOT_CLASS = YES_ERROR;
				CLANG_WARN_QUOTED_INCLUDE_IN_FRAMEWORK_HEADER = YES;
				CLANG_WARN_RANGE_LOOP_ANALYSIS = YES;
				CLANG_WARN_STRICT_PROTOTYPES = YES;
				CLANG_WARN_SUSPICIOUS_MOVE = YES;
				CLANG_WARN_UNGUARDED_AVAILABILITY = YES_AGGRESSIVE;
				CLANG_WARN_UNREACHABLE_CODE = YES;
				CLANG_WARN__DUPLICATE_METHOD_MATCH = YES;
				COPY_PHASE_STRIP = NO;
				DEBUG_INFORMATION_FORMAT = "dwarf-with-dsym";
				ENABLE_NS_ASSERTIONS = NO;
				ENABLE_STRICT_OBJC_MSGSEND = YES;
				ENABLE_USER_SCRIPT_SANDBOXING = YES;
				GCC_C_LANGUAGE_STANDARD = gnu17;
				GCC_NO_COMMON_BLOCKS = YES;
				GCC_WARN_64_TO_32_BIT_CONVERSION = YES;
				GCC_WARN_ABOUT_RETURN_TYPE = YES_ERROR;
				GCC_WARN_UNDECLARED_SELECTOR = YES;
				GCC_WARN_UNINITIALIZED_AUTOS = YES_AGGRESSIVE;
				GCC_WARN_UNUSED_FUNCTION = YES;
				GCC_WARN_UNUSED_VARIABLE = YES;
				IPHONEOS_DEPLOYMENT_TARGET = 17.2;
				LOCALIZATION_PREFERS_STRING_CATALOGS = YES;
				MTL_ENABLE_DEBUG_INFO = NO;
				MTL_FAST_MATH = YES;
				SDKROOT = iphoneos;
				SWIFT_COMPILATION_MODE = wholemodule;
				VALIDATE_PRODUCT = YES;
			};
			name = Release;
		};
		7BF27BB52B4D75FB00B96307 /* Debug */ = {
			isa = XCBuildConfiguration;
			buildSettings = {
				ASSETCATALOG_COMPILER_APPICON_NAME = AppIcon;
				ASSETCATALOG_COMPILER_GLOBAL_ACCENT_COLOR_NAME = AccentColor;
				CODE_SIGN_STYLE = Automatic;
				CURRENT_PROJECT_VERSION = 1;
				DEVELOPMENT_ASSET_PATHS = "\"FaceVideoApp/Preview Content\"";
				DEVELOPMENT_TEAM = CV5PH9M8H9;
				ENABLE_PREVIEWS = YES;
				GENERATE_INFOPLIST_FILE = YES;
				INFOPLIST_FILE = FaceVideoApp/Info.plist;
				INFOPLIST_KEY_NSCameraUsageDescription = "FaceVideoApp needs access to camera";
				INFOPLIST_KEY_NSMicrophoneUsageDescription = "microphone use";
				INFOPLIST_KEY_UIApplicationSupportsIndirectInputEvents = YES;
				INFOPLIST_KEY_UILaunchScreen_Generation = YES;
				INFOPLIST_KEY_UIStatusBarStyle = "";
				INFOPLIST_KEY_UISupportedInterfaceOrientations = "UIInterfaceOrientationPortrait UIInterfaceOrientationPortraitUpsideDown";
				LD_RUNPATH_SEARCH_PATHS = (
					"$(inherited)",
					"@executable_path/Frameworks",
				);
				MARKETING_VERSION = 1.0;
				PRODUCT_BUNDLE_IDENTIFIER = "com.yourcompany.Vision-Face-Detection";
				PRODUCT_NAME = "$(TARGET_NAME)";
				SWIFT_EMIT_LOC_STRINGS = YES;
				SWIFT_VERSION = 5.0;
				TARGETED_DEVICE_FAMILY = "1,2";
			};
			name = Debug;
		};
		7BF27BB62B4D75FB00B96307 /* Release */ = {
			isa = XCBuildConfiguration;
			buildSettings = {
				ASSETCATALOG_COMPILER_APPICON_NAME = AppIcon;
				ASSETCATALOG_COMPILER_GLOBAL_ACCENT_COLOR_NAME = AccentColor;
				CODE_SIGN_STYLE = Automatic;
				CURRENT_PROJECT_VERSION = 1;
				DEVELOPMENT_ASSET_PATHS = "\"FaceVideoApp/Preview Content\"";
				DEVELOPMENT_TEAM = CV5PH9M8H9;
				ENABLE_PREVIEWS = YES;
				GENERATE_INFOPLIST_FILE = YES;
				INFOPLIST_FILE = FaceVideoApp/Info.plist;
				INFOPLIST_KEY_NSCameraUsageDescription = "FaceVideoApp needs access to camera";
				INFOPLIST_KEY_NSMicrophoneUsageDescription = "microphone use";
				INFOPLIST_KEY_UIApplicationSupportsIndirectInputEvents = YES;
				INFOPLIST_KEY_UILaunchScreen_Generation = YES;
				INFOPLIST_KEY_UIStatusBarStyle = "";
				INFOPLIST_KEY_UISupportedInterfaceOrientations = "UIInterfaceOrientationPortrait UIInterfaceOrientationPortraitUpsideDown";
				LD_RUNPATH_SEARCH_PATHS = (
					"$(inherited)",
					"@executable_path/Frameworks",
				);
				MARKETING_VERSION = 1.0;
				PRODUCT_BUNDLE_IDENTIFIER = "com.yourcompany.Vision-Face-Detection";
				PRODUCT_NAME = "$(TARGET_NAME)";
				SWIFT_EMIT_LOC_STRINGS = YES;
				SWIFT_VERSION = 5.0;
				TARGETED_DEVICE_FAMILY = "1,2";
			};
			name = Release;
		};
/* End XCBuildConfiguration section */

/* Begin XCConfigurationList section */
		7BF27B9C2B4D75F600B96307 /* Build configuration list for PBXProject "FaceVideoApp" */ = {
			isa = XCConfigurationList;
			buildConfigurations = (
				7BF27BB22B4D75FB00B96307 /* Debug */,
				7BF27BB32B4D75FB00B96307 /* Release */,
			);
			defaultConfigurationIsVisible = 0;
			defaultConfigurationName = Release;
		};
		7BF27BB42B4D75FB00B96307 /* Build configuration list for PBXNativeTarget "FaceVideoApp" */ = {
			isa = XCConfigurationList;
			buildConfigurations = (
				7BF27BB52B4D75FB00B96307 /* Debug */,
				7BF27BB62B4D75FB00B96307 /* Release */,
			);
			defaultConfigurationIsVisible = 0;
			defaultConfigurationName = Release;
		};
/* End XCConfigurationList section */

/* Begin XCVersionGroup section */
		7BF27BAF2B4D75FB00B96307 /* FaceVideoApp.xcdatamodeld */ = {
			isa = XCVersionGroup;
			children = (
				7BF27BB02B4D75FB00B96307 /* FaceVideoApp.xcdatamodel */,
			);
			currentVersion = 7BF27BB02B4D75FB00B96307 /* FaceVideoApp.xcdatamodel */;
			path = FaceVideoApp.xcdatamodeld;
			sourceTree = "<group>";
			versionGroupType = wrapper.xcdatamodel;
		};
/* End XCVersionGroup section */
	};
	rootObject = 7BF27B992B4D75F600B96307 /* Project object */;
}
